
Microsoft Visual Studio Solution File, Format Version 12.00
# Visual Studio Version 17
VisualStudioVersion = 17.0.32002.185
MinimumVisualStudioVersion = 10.0.40219.1
Project("{FAE04EC0-301F-11D3-BF4B-00C04F79EFBC}") = "Portafolio_10_AlejandroQuintero", "Portafolio_10_AlejandroQuintero\Portafolio_10_AlejandroQuintero.csproj", "{4C637E83-D8F5-42FE-8753-1C121EBE56BA}"
EndProject
Global
	GlobalSection(SolutionConfigurationPlatforms) = preSolution
		Debug|Any CPU = Debug|Any CPU
		Release|Any CPU = Release|Any CPU
	EndGlobalSection
	GlobalSection(ProjectConfigurationPlatforms) = postSolution
		{4C637E83-D8F5-42FE-8753-1C121EBE56BA}.Debug|Any CPU.ActiveCfg = Debug|Any CPU
		{4C637E83-D8F5-42FE-8753-1C121EBE56BA}.Debug|Any CPU.Build.0 = Debug|Any CPU
		{4C637E83-D8F5-42FE-8753-1C121EBE56BA}.Release|Any CPU.ActiveCfg = Release|Any CPU
		{4C637E83-D8F5-42FE-8753-1C121EBE56BA}.Release|Any CPU.Build.0 = Release|Any CPU
	EndGlobalSection
	GlobalSection(SolutionProperties) = preSolution
		HideSolutionNode = FALSE
	EndGlobalSection
	GlobalSection(ExtensibilityGlobals) = postSolution
		SolutionGuid = {8A0934C5-FFE4-426D-B512-150C4B1212FF}
	EndGlobalSection
EndGlobal
