
Microsoft Visual Studio Solution File, Format Version 12.00
# Visual Studio Version 16
VisualStudioVersion = 16.0.31911.196
MinimumVisualStudioVersion = 10.0.40219.1
Project("{FAE04EC0-301F-11D3-BF4B-00C04F79EFBC}") = "Portafolio22", "Portafolio22\Portafolio22.csproj", "{7085505C-27AF-4C1F-B982-EDAA04BE15A7}"
EndProject
Global
	GlobalSection(SolutionConfigurationPlatforms) = preSolution
		Debug|Any CPU = Debug|Any CPU
		Release|Any CPU = Release|Any CPU
	EndGlobalSection
	GlobalSection(ProjectConfigurationPlatforms) = postSolution
		{7085505C-27AF-4C1F-B982-EDAA04BE15A7}.Debug|Any CPU.ActiveCfg = Debug|Any CPU
		{7085505C-27AF-4C1F-B982-EDAA04BE15A7}.Debug|Any CPU.Build.0 = Debug|Any CPU
		{7085505C-27AF-4C1F-B982-EDAA04BE15A7}.Release|Any CPU.ActiveCfg = Release|Any CPU
		{7085505C-27AF-4C1F-B982-EDAA04BE15A7}.Release|Any CPU.Build.0 = Release|Any CPU
	EndGlobalSection
	GlobalSection(SolutionProperties) = preSolution
		HideSolutionNode = FALSE
	EndGlobalSection
	GlobalSection(ExtensibilityGlobals) = postSolution
		SolutionGuid = {2D907E45-040F-4FBE-907F-764687B76DE0}
	EndGlobalSection
EndGlobal
