
Microsoft Visual Studio Solution File, Format Version 12.00
# Visual Studio Version 17
VisualStudioVersion = 17.0.31919.166
MinimumVisualStudioVersion = 10.0.40219.1
Project("{FAE04EC0-301F-11D3-BF4B-00C04F79EFBC}") = "Practica", "Practica\Practica.csproj", "{65DEA09E-25A6-4F7D-A6F3-D5C7C092F6BF}"
EndProject
Project("{FAE04EC0-301F-11D3-BF4B-00C04F79EFBC}") = "ejercicio2", "ejercicio2\ejercicio2.csproj", "{B4A5D2A2-262B-4276-B150-BEB87F96F70D}"
EndProject
Project("{FAE04EC0-301F-11D3-BF4B-00C04F79EFBC}") = "Ejercicio3", "Ejercicio3\Ejercicio3.csproj", "{DAE3FDD8-F440-4DC1-B71D-DE54ADA3FC3A}"
EndProject
Global
	GlobalSection(SolutionConfigurationPlatforms) = preSolution
		Debug|Any CPU = Debug|Any CPU
		Release|Any CPU = Release|Any CPU
	EndGlobalSection
	GlobalSection(ProjectConfigurationPlatforms) = postSolution
		{65DEA09E-25A6-4F7D-A6F3-D5C7C092F6BF}.Debug|Any CPU.ActiveCfg = Debug|Any CPU
		{65DEA09E-25A6-4F7D-A6F3-D5C7C092F6BF}.Debug|Any CPU.Build.0 = Debug|Any CPU
		{65DEA09E-25A6-4F7D-A6F3-D5C7C092F6BF}.Release|Any CPU.ActiveCfg = Release|Any CPU
		{65DEA09E-25A6-4F7D-A6F3-D5C7C092F6BF}.Release|Any CPU.Build.0 = Release|Any CPU
		{B4A5D2A2-262B-4276-B150-BEB87F96F70D}.Debug|Any CPU.ActiveCfg = Debug|Any CPU
		{B4A5D2A2-262B-4276-B150-BEB87F96F70D}.Debug|Any CPU.Build.0 = Debug|Any CPU
		{B4A5D2A2-262B-4276-B150-BEB87F96F70D}.Release|Any CPU.ActiveCfg = Release|Any CPU
		{B4A5D2A2-262B-4276-B150-BEB87F96F70D}.Release|Any CPU.Build.0 = Release|Any CPU
		{DAE3FDD8-F440-4DC1-B71D-DE54ADA3FC3A}.Debug|Any CPU.ActiveCfg = Debug|Any CPU
		{DAE3FDD8-F440-4DC1-B71D-DE54ADA3FC3A}.Debug|Any CPU.Build.0 = Debug|Any CPU
		{DAE3FDD8-F440-4DC1-B71D-DE54ADA3FC3A}.Release|Any CPU.ActiveCfg = Release|Any CPU
		{DAE3FDD8-F440-4DC1-B71D-DE54ADA3FC3A}.Release|Any CPU.Build.0 = Release|Any CPU
	EndGlobalSection
	GlobalSection(SolutionProperties) = preSolution
		HideSolutionNode = FALSE
	EndGlobalSection
	GlobalSection(ExtensibilityGlobals) = postSolution
		SolutionGuid = {D8B553CF-D766-4F2A-8A6F-1DC936AF29C9}
	EndGlobalSection
EndGlobal
