
Microsoft Visual Studio Solution File, Format Version 12.00
# Visual Studio Version 17
VisualStudioVersion = 17.0.32002.185
MinimumVisualStudioVersion = 10.0.40219.1
Project("{9A19103F-16F7-4668-BE54-9A1E7A4F7556}") = "Capa1Presentacion", "Capa1Presentacion\Capa1Presentacion.csproj", "{6413E936-056B-451C-81AE-615696CC6D11}"
EndProject
Project("{9A19103F-16F7-4668-BE54-9A1E7A4F7556}") = "Capa2LogicaNegocio", "Capa2LogicaNegocio\Capa2LogicaNegocio.csproj", "{0DB1F2EF-AE54-4CEA-AF1A-CF718F7D6B69}"
EndProject
Project("{9A19103F-16F7-4668-BE54-9A1E7A4F7556}") = "Capa3AccesoDatos", "Capa3AccesoDatos\Capa3AccesoDatos.csproj", "{C749EA30-EDA1-4A1A-9182-79CA34B3C947}"
EndProject
Project("{9A19103F-16F7-4668-BE54-9A1E7A4F7556}") = "CapaEntidades", "CapaEntidades\CapaEntidades.csproj", "{397E167F-205A-4137-B553-67C321E95FA2}"
EndProject
Project("{FAE04EC0-301F-11D3-BF4B-00C04F79EFBC}") = "SitioWeb", "SitioWeb\SitioWeb.csproj", "{CC91D70D-88F6-412A-AC2E-407F66901240}"
EndProject
Global
	GlobalSection(SolutionConfigurationPlatforms) = preSolution
		Debug|Any CPU = Debug|Any CPU
		Release|Any CPU = Release|Any CPU
	EndGlobalSection
	GlobalSection(ProjectConfigurationPlatforms) = postSolution
		{6413E936-056B-451C-81AE-615696CC6D11}.Debug|Any CPU.ActiveCfg = Debug|Any CPU
		{6413E936-056B-451C-81AE-615696CC6D11}.Debug|Any CPU.Build.0 = Debug|Any CPU
		{6413E936-056B-451C-81AE-615696CC6D11}.Release|Any CPU.ActiveCfg = Release|Any CPU
		{6413E936-056B-451C-81AE-615696CC6D11}.Release|Any CPU.Build.0 = Release|Any CPU
		{0DB1F2EF-AE54-4CEA-AF1A-CF718F7D6B69}.Debug|Any CPU.ActiveCfg = Debug|Any CPU
		{0DB1F2EF-AE54-4CEA-AF1A-CF718F7D6B69}.Debug|Any CPU.Build.0 = Debug|Any CPU
		{0DB1F2EF-AE54-4CEA-AF1A-CF718F7D6B69}.Release|Any CPU.ActiveCfg = Release|Any CPU
		{0DB1F2EF-AE54-4CEA-AF1A-CF718F7D6B69}.Release|Any CPU.Build.0 = Release|Any CPU
		{C749EA30-EDA1-4A1A-9182-79CA34B3C947}.Debug|Any CPU.ActiveCfg = Debug|Any CPU
		{C749EA30-EDA1-4A1A-9182-79CA34B3C947}.Debug|Any CPU.Build.0 = Debug|Any CPU
		{C749EA30-EDA1-4A1A-9182-79CA34B3C947}.Release|Any CPU.ActiveCfg = Release|Any CPU
		{C749EA30-EDA1-4A1A-9182-79CA34B3C947}.Release|Any CPU.Build.0 = Release|Any CPU
		{397E167F-205A-4137-B553-67C321E95FA2}.Debug|Any CPU.ActiveCfg = Debug|Any CPU
		{397E167F-205A-4137-B553-67C321E95FA2}.Debug|Any CPU.Build.0 = Debug|Any CPU
		{397E167F-205A-4137-B553-67C321E95FA2}.Release|Any CPU.ActiveCfg = Release|Any CPU
		{397E167F-205A-4137-B553-67C321E95FA2}.Release|Any CPU.Build.0 = Release|Any CPU
		{CC91D70D-88F6-412A-AC2E-407F66901240}.Debug|Any CPU.ActiveCfg = Debug|Any CPU
		{CC91D70D-88F6-412A-AC2E-407F66901240}.Debug|Any CPU.Build.0 = Debug|Any CPU
		{CC91D70D-88F6-412A-AC2E-407F66901240}.Release|Any CPU.ActiveCfg = Release|Any CPU
		{CC91D70D-88F6-412A-AC2E-407F66901240}.Release|Any CPU.Build.0 = Release|Any CPU
	EndGlobalSection
	GlobalSection(SolutionProperties) = preSolution
		HideSolutionNode = FALSE
	EndGlobalSection
	GlobalSection(ExtensibilityGlobals) = postSolution
		SolutionGuid = {8928231B-3ED3-488C-8535-23D4AD0F4067}
	EndGlobalSection
EndGlobal
